{
  "name": "kbase-ui-plugin-example-hello",
  "version": "1.0.0",
  "lockfileVersion": 1,
  "requires": true,
  "dependencies": {
    "camelcase": {
      "version": "3.0.0",
      "resolved": "https://registry.npmjs.org/camelcase/-/camelcase-3.0.0.tgz",
      "integrity": "sha1-MvxLn82vhF/N9+c7uXysImHwqwo=",
      "dev": true
    },
    "common-readme": {
      "version": "1.1.0",
      "resolved": "https://registry.npmjs.org/common-readme/-/common-readme-1.1.0.tgz",
      "integrity": "sha1-C+niGnAzE/eQdcgM588zcM2/U5E=",
      "dev": true,
      "requires": {
        "camelcase": "^3.0.0",
        "minimist": "^1.2.0"
      }
    },
    "minimist": {
      "version": "1.2.0",
      "resolved": "https://registry.npmjs.org/minimist/-/minimist-1.2.0.tgz",
      "integrity": "sha1-o1AIsg9BOD7sH7kU9M1d95omQoQ=",
      "dev": true
    }
  }
}
