# THIS IS AN AUTOGENERATED FILE. DO NOT EDIT THIS FILE DIRECTLY.
# yarn lockfile v1


camelcase@^3.0.0:
  version "3.0.0"
  resolved "https://registry.yarnpkg.com/camelcase/-/camelcase-3.0.0.tgz#32fc4b9fcdaf845fcdf7e73bb97cac2261f0ab0a"
  integrity sha1-MvxLn82vhF/N9+c7uXysImHwqwo=

common-readme@^1.1.0:
  version "1.1.0"
  resolved "https://registry.yarnpkg.com/common-readme/-/common-readme-1.1.0.tgz#0be9e21a703313f79075c80ce7cf3370cdbf5391"
  integrity sha1-C+niGnAzE/eQdcgM588zcM2/U5E=
  dependencies:
    camelcase "^3.0.0"
    minimist "^1.2.0"

minimist@^1.2.0:
  version "1.2.0"
  resolved "https://registry.yarnpkg.com/minimist/-/minimist-1.2.0.tgz#a35008b20f41383eec1fb914f4cd5df79a264284"
  integrity sha1-o1AIsg9BOD7sH7kU9M1d95omQoQ=
